
Microsoft Visual Studio Solution File, Format Version 12.00
Project("{2150E333-8FDC-42A3-9474-1A3956D46DE8}") = "src", "src", "{4A9E72A3-44B8-4F70-89C2-BC9AB8514F6A}"
EndProject
Project("{2150E333-8FDC-42A3-9474-1A3956D46DE8}") = "test", "test", "{2257D4A6-FD71-4991-9F1C-905262BEB979}"
EndProject
Project("{2150E333-8FDC-42A3-9474-1A3956D46DE8}") = "API", "API", "{8C7A3221-FD8A-4CEA-A3E8-8E6A0DC6E150}"
EndProject
Project("{2150E333-8FDC-42A3-9474-1A3956D46DE8}") = "UI", "UI", "{9006D470-CF58-454C-B804-C6059EE9333D}"
EndProject
Project("{2150E333-8FDC-42A3-9474-1A3956D46DE8}") = "Core", "Core", "{A131EA6D-7DCD-4BFB-A4E6-5FC25010B15E}"
EndProject
Project("{2150E333-8FDC-42A3-9474-1A3956D46DE8}") = "Infrastructure", "Infrastructure", "{DFA0F87A-B3BD-47EC-968B-3E2C518B32A7}"
EndProject
Project("{FAE04EC0-301F-11D3-BF4B-00C04F79EFBC}") = "HR.LeaveManagement.Domain", "HR.LeaveManagement.Domain\HR.LeaveManagement.Domain.csproj", "{97E16CD8-EB20-40D5-9C49-AC144C55C765}"
EndProject
Project("{FAE04EC0-301F-11D3-BF4B-00C04F79EFBC}") = "HR.LeaveManagement.Application", "HR.LeaveManagement.Application\HR.LeaveManagement.Application.csproj", "{744B4D3A-D545-4AFD-80EC-F102CBA73546}"
EndProject
Project("{FAE04EC0-301F-11D3-BF4B-00C04F79EFBC}") = "HR.LeaveManagement.Persistence", "HR.LeaveManagement.Persistence\HR.LeaveManagement.Persistence.csproj", "{245BB4AE-579D-485D-9B27-4163E51519EB}"
EndProject
Project("{FAE04EC0-301F-11D3-BF4B-00C04F79EFBC}") = "HR.LeaveManagement.Infrastructure", "HR.LeaveManagement.Infrastructure\HR.LeaveManagement.Infrastructure.csproj", "{0A221FC2-84F9-4B78-89F4-40EFB69AEAD2}"
EndProject
Project("{FAE04EC0-301F-11D3-BF4B-00C04F79EFBC}") = "HR.LeaveManagement.Api", "HR.LeaveManagement.Api\HR.LeaveManagement.Api.csproj", "{10127D91-D27B-48A6-8CB1-56C234338EBE}"
EndProject
Global
	GlobalSection(SolutionConfigurationPlatforms) = preSolution
		Debug|Any CPU = Debug|Any CPU
		Release|Any CPU = Release|Any CPU
	EndGlobalSection
	GlobalSection(NestedProjects) = preSolution
		{8C7A3221-FD8A-4CEA-A3E8-8E6A0DC6E150} = {4A9E72A3-44B8-4F70-89C2-BC9AB8514F6A}
		{9006D470-CF58-454C-B804-C6059EE9333D} = {4A9E72A3-44B8-4F70-89C2-BC9AB8514F6A}
		{A131EA6D-7DCD-4BFB-A4E6-5FC25010B15E} = {4A9E72A3-44B8-4F70-89C2-BC9AB8514F6A}
		{DFA0F87A-B3BD-47EC-968B-3E2C518B32A7} = {4A9E72A3-44B8-4F70-89C2-BC9AB8514F6A}
		{97E16CD8-EB20-40D5-9C49-AC144C55C765} = {A131EA6D-7DCD-4BFB-A4E6-5FC25010B15E}
		{744B4D3A-D545-4AFD-80EC-F102CBA73546} = {A131EA6D-7DCD-4BFB-A4E6-5FC25010B15E}
		{245BB4AE-579D-485D-9B27-4163E51519EB} = {DFA0F87A-B3BD-47EC-968B-3E2C518B32A7}
		{0A221FC2-84F9-4B78-89F4-40EFB69AEAD2} = {DFA0F87A-B3BD-47EC-968B-3E2C518B32A7}
		{10127D91-D27B-48A6-8CB1-56C234338EBE} = {8C7A3221-FD8A-4CEA-A3E8-8E6A0DC6E150}
	EndGlobalSection
	GlobalSection(ProjectConfigurationPlatforms) = postSolution
		{97E16CD8-EB20-40D5-9C49-AC144C55C765}.Debug|Any CPU.ActiveCfg = Debug|Any CPU
		{97E16CD8-EB20-40D5-9C49-AC144C55C765}.Debug|Any CPU.Build.0 = Debug|Any CPU
		{97E16CD8-EB20-40D5-9C49-AC144C55C765}.Release|Any CPU.ActiveCfg = Release|Any CPU
		{97E16CD8-EB20-40D5-9C49-AC144C55C765}.Release|Any CPU.Build.0 = Release|Any CPU
		{744B4D3A-D545-4AFD-80EC-F102CBA73546}.Debug|Any CPU.ActiveCfg = Debug|Any CPU
		{744B4D3A-D545-4AFD-80EC-F102CBA73546}.Debug|Any CPU.Build.0 = Debug|Any CPU
		{744B4D3A-D545-4AFD-80EC-F102CBA73546}.Release|Any CPU.ActiveCfg = Release|Any CPU
		{744B4D3A-D545-4AFD-80EC-F102CBA73546}.Release|Any CPU.Build.0 = Release|Any CPU
		{245BB4AE-579D-485D-9B27-4163E51519EB}.Debug|Any CPU.ActiveCfg = Debug|Any CPU
		{245BB4AE-579D-485D-9B27-4163E51519EB}.Debug|Any CPU.Build.0 = Debug|Any CPU
		{245BB4AE-579D-485D-9B27-4163E51519EB}.Release|Any CPU.ActiveCfg = Release|Any CPU
		{245BB4AE-579D-485D-9B27-4163E51519EB}.Release|Any CPU.Build.0 = Release|Any CPU
		{0A221FC2-84F9-4B78-89F4-40EFB69AEAD2}.Debug|Any CPU.ActiveCfg = Debug|Any CPU
		{0A221FC2-84F9-4B78-89F4-40EFB69AEAD2}.Debug|Any CPU.Build.0 = Debug|Any CPU
		{0A221FC2-84F9-4B78-89F4-40EFB69AEAD2}.Release|Any CPU.ActiveCfg = Release|Any CPU
		{0A221FC2-84F9-4B78-89F4-40EFB69AEAD2}.Release|Any CPU.Build.0 = Release|Any CPU
		{10127D91-D27B-48A6-8CB1-56C234338EBE}.Debug|Any CPU.ActiveCfg = Debug|Any CPU
		{10127D91-D27B-48A6-8CB1-56C234338EBE}.Debug|Any CPU.Build.0 = Debug|Any CPU
		{10127D91-D27B-48A6-8CB1-56C234338EBE}.Release|Any CPU.ActiveCfg = Release|Any CPU
		{10127D91-D27B-48A6-8CB1-56C234338EBE}.Release|Any CPU.Build.0 = Release|Any CPU
	EndGlobalSection
EndGlobal
