
Microsoft Visual Studio Solution File, Format Version 12.00
Project("{2150E333-8FDC-42A3-9474-1A3956D46DE8}") = "src", "src", "{7AB7B14E-4EAB-41D3-9067-04199FD468CE}"
EndProject
Project("{2150E333-8FDC-42A3-9474-1A3956D46DE8}") = "test", "test", "{EF3C5FE6-2BF4-4FAA-8569-DE2505499A3F}"
EndProject
Project("{2150E333-8FDC-42A3-9474-1A3956D46DE8}") = "UI", "UI", "{F6327B4B-AFD9-444C-99F6-969F12529760}"
EndProject
Project("{2150E333-8FDC-42A3-9474-1A3956D46DE8}") = "Core", "Core", "{769BF570-5D2E-4EC9-9C2A-0E6B073513B3}"
EndProject
Project("{2150E333-8FDC-42A3-9474-1A3956D46DE8}") = "Infrastructure", "Infrastructure", "{70357804-CA96-401D-B9A3-50A998F40662}"
EndProject
Project("{2150E333-8FDC-42A3-9474-1A3956D46DE8}") = "API", "API", "{B62E203F-C094-4926-9CAF-187276B106A2}"
EndProject
Project("{FAE04EC0-301F-11D3-BF4B-00C04F79EFBC}") = "HR.LeaveManagementSystem.Domain", "HR.LeaveManagementSystem.Domain\HR.LeaveManagementSystem.Domain.csproj", "{1BE1B263-EDA3-4A91-BFF6-704F90F550FE}"
EndProject
Project("{FAE04EC0-301F-11D3-BF4B-00C04F79EFBC}") = "HR.LeaveManagementSystem.Application", "HR.LeaveManagementSystem.Application\HR.LeaveManagementSystem.Application.csproj", "{457A54A3-7D96-496F-ADE8-3610CD89133D}"
EndProject
Project("{FAE04EC0-301F-11D3-BF4B-00C04F79EFBC}") = "HR.LeaveManagementSystem.Persistence", "HR.LeaveManagementSystem.Persistence\HR.LeaveManagementSystem.Persistence.csproj", "{58AE8ED8-27BA-4C4C-BF4A-C02CF9414048}"
EndProject
Project("{FAE04EC0-301F-11D3-BF4B-00C04F79EFBC}") = "HR.LeaveManagementSystem.Infrastructure", "HR.LeaveManagementSystem.Infrastructure\HR.LeaveManagementSystem.Infrastructure.csproj", "{D3BD9332-C5F2-4F56-9CC6-C7EE20F063EF}"
EndProject
Project("{FAE04EC0-301F-11D3-BF4B-00C04F79EFBC}") = "HR.LeaveManagementSystem.Api", "HR.LeaveManagementSystem.Api\HR.LeaveManagementSystem.Api.csproj", "{45A7116F-3268-4220-A30F-0F6D9548393E}"
EndProject
Global
	GlobalSection(SolutionConfigurationPlatforms) = preSolution
		Debug|Any CPU = Debug|Any CPU
		Release|Any CPU = Release|Any CPU
	EndGlobalSection
	GlobalSection(NestedProjects) = preSolution
		{F6327B4B-AFD9-444C-99F6-969F12529760} = {7AB7B14E-4EAB-41D3-9067-04199FD468CE}
		{769BF570-5D2E-4EC9-9C2A-0E6B073513B3} = {7AB7B14E-4EAB-41D3-9067-04199FD468CE}
		{70357804-CA96-401D-B9A3-50A998F40662} = {7AB7B14E-4EAB-41D3-9067-04199FD468CE}
		{B62E203F-C094-4926-9CAF-187276B106A2} = {7AB7B14E-4EAB-41D3-9067-04199FD468CE}
		{1BE1B263-EDA3-4A91-BFF6-704F90F550FE} = {769BF570-5D2E-4EC9-9C2A-0E6B073513B3}
		{457A54A3-7D96-496F-ADE8-3610CD89133D} = {769BF570-5D2E-4EC9-9C2A-0E6B073513B3}
		{58AE8ED8-27BA-4C4C-BF4A-C02CF9414048} = {70357804-CA96-401D-B9A3-50A998F40662}
		{D3BD9332-C5F2-4F56-9CC6-C7EE20F063EF} = {70357804-CA96-401D-B9A3-50A998F40662}
		{45A7116F-3268-4220-A30F-0F6D9548393E} = {B62E203F-C094-4926-9CAF-187276B106A2}
	EndGlobalSection
	GlobalSection(ProjectConfigurationPlatforms) = postSolution
		{1BE1B263-EDA3-4A91-BFF6-704F90F550FE}.Debug|Any CPU.ActiveCfg = Debug|Any CPU
		{1BE1B263-EDA3-4A91-BFF6-704F90F550FE}.Debug|Any CPU.Build.0 = Debug|Any CPU
		{1BE1B263-EDA3-4A91-BFF6-704F90F550FE}.Release|Any CPU.ActiveCfg = Release|Any CPU
		{1BE1B263-EDA3-4A91-BFF6-704F90F550FE}.Release|Any CPU.Build.0 = Release|Any CPU
		{457A54A3-7D96-496F-ADE8-3610CD89133D}.Debug|Any CPU.ActiveCfg = Debug|Any CPU
		{457A54A3-7D96-496F-ADE8-3610CD89133D}.Debug|Any CPU.Build.0 = Debug|Any CPU
		{457A54A3-7D96-496F-ADE8-3610CD89133D}.Release|Any CPU.ActiveCfg = Release|Any CPU
		{457A54A3-7D96-496F-ADE8-3610CD89133D}.Release|Any CPU.Build.0 = Release|Any CPU
		{58AE8ED8-27BA-4C4C-BF4A-C02CF9414048}.Debug|Any CPU.ActiveCfg = Debug|Any CPU
		{58AE8ED8-27BA-4C4C-BF4A-C02CF9414048}.Debug|Any CPU.Build.0 = Debug|Any CPU
		{58AE8ED8-27BA-4C4C-BF4A-C02CF9414048}.Release|Any CPU.ActiveCfg = Release|Any CPU
		{58AE8ED8-27BA-4C4C-BF4A-C02CF9414048}.Release|Any CPU.Build.0 = Release|Any CPU
		{D3BD9332-C5F2-4F56-9CC6-C7EE20F063EF}.Debug|Any CPU.ActiveCfg = Debug|Any CPU
		{D3BD9332-C5F2-4F56-9CC6-C7EE20F063EF}.Debug|Any CPU.Build.0 = Debug|Any CPU
		{D3BD9332-C5F2-4F56-9CC6-C7EE20F063EF}.Release|Any CPU.ActiveCfg = Release|Any CPU
		{D3BD9332-C5F2-4F56-9CC6-C7EE20F063EF}.Release|Any CPU.Build.0 = Release|Any CPU
		{45A7116F-3268-4220-A30F-0F6D9548393E}.Debug|Any CPU.ActiveCfg = Debug|Any CPU
		{45A7116F-3268-4220-A30F-0F6D9548393E}.Debug|Any CPU.Build.0 = Debug|Any CPU
		{45A7116F-3268-4220-A30F-0F6D9548393E}.Release|Any CPU.ActiveCfg = Release|Any CPU
		{45A7116F-3268-4220-A30F-0F6D9548393E}.Release|Any CPU.Build.0 = Release|Any CPU
	EndGlobalSection
EndGlobal
